<?xml version="1.0" encoding="utf-8"?>
<Project ToolsVersion="4.0" xmlns="http://schemas.microsoft.com/developer/msbuild/2003">
  <ItemGroup>
    <Filter Include="Source Files">
      <UniqueIdentifier>{4FC737F1-C7A5-4376-A066-2A32D752A2FF}</UniqueIdentifier>
      <Extensions>cpp;c;cc;cxx;def;odl;idl;hpj;bat;asm;asmx</Extensions>
    </Filter>
    <Filter Include="Header Files">
      <UniqueIdentifier>{93995380-89BD-4b04-88EB-625FBE52EBFB}</UniqueIdentifier>
      <Extensions>h;hh;hpp;hxx;hm;inl;inc;xsd</Extensions>
    </Filter>
    <Filter Include="Resource Files">
      <UniqueIdentifier>{67DA6AB6-F800-4c08-8B7A-83BB121AAD01}</UniqueIdentifier>
      <Extensions>rc;ico;cur;bmp;dlg;rc2;rct;bin;rgs;gif;jpg;jpeg;jpe;resx;tiff;tif;png;wav;mfcribbon-ms</Extensions>
    </Filter>
  </ItemGroup>
  <ItemGroup>
    <ClCompile Include="main.cpp">
      <Filter>Source Files</Filter>
    </ClCompile>
    <ClCompile Include="dimensions_plus.cpp">
      <Filter>Source Files</Filter>
    </ClCompile>
    <ClCompile Include="renderer.cpp">
      <Filter>Source Files</Filter>
    </ClCompile>
    <ClCompile Include="interface.cpp">
      <Filter>Source Files</Filter>
    </ClCompile>
    <ClCompile Include="puzzleScreen.cpp">
      <Filter>Source Files</Filter>
    </ClCompile>
    <ClCompile Include="graph.cpp">
      <Filter>Source Files</Filter>
    </ClCompile>
    <ClCompile Include="levelManager.cpp">
      <Filter>Source Files</Filter>
    </ClCompile>
    <ClCompile Include="intelScreen.cpp">
      <Filter>Source Files</Filter>
    </ClCompile>
    <ClCompile Include="warEffortScreen.cpp">
      <Filter>Source Files</Filter>
    </ClCompile>
    <ClCompile Include="letterScreen.cpp">
      <Filter>Source Files</Filter>
    </ClCompile>
    <ClCompile Include="storyManager.cpp">
      <Filter>Source Files</Filter>
    </ClCompile>
    <ClCompile Include="dayScreen.cpp">
      <Filter>Source Files</Filter>
    </ClCompile>
    <ClCompile Include="tutorialManager.cpp">
      <Filter>Source Files</Filter>
    </ClCompile>
    <ClCompile Include="homeScreen.cpp">
      <Filter>Source Files</Filter>
    </ClCompile>
    <ClCompile Include="audioManager.cpp">
      <Filter>Source Files</Filter>
    </ClCompile>
    <ClCompile Include="splashScreen.cpp">
      <Filter>Source Files</Filter>
    </ClCompile>
    <ClCompile Include="cutscene.cpp">
      <Filter>Source Files</Filter>
    </ClCompile>
    <ClCompile Include="chooseScreen.cpp">
      <Filter>Source Files</Filter>
    </ClCompile>
    <ClCompile Include="optionsScreen.cpp">
      <Filter>Source Files</Filter>
    </ClCompile>
    <ClCompile Include="freePlayScreen.cpp">
      <Filter>Source Files</Filter>
    </ClCompile>
    <ClCompile Include="credits.cpp">
      <Filter>Source Files</Filter>
    </ClCompile>
    <ClCompile Include="steamManager.cpp">
      <Filter>Source Files</Filter>
    </ClCompile>
  </ItemGroup>
  <ItemGroup>
    <ClInclude Include="main.h">
      <Filter>Header Files</Filter>
    </ClInclude>
    <ClInclude Include="dimensions_plus.h">
      <Filter>Header Files</Filter>
    </ClInclude>
    <ClInclude Include="renderer.h">
      <Filter>Header Files</Filter>
    </ClInclude>
    <ClInclude Include="interface.h">
      <Filter>Header Files</Filter>
    </ClInclude>
    <ClInclude Include="puzzleScreen.h">
      <Filter>Header Files</Filter>
    </ClInclude>
    <ClInclude Include="graph.h">
      <Filter>Header Files</Filter>
    </ClInclude>
    <ClInclude Include="levelManager.h">
      <Filter>Header Files</Filter>
    </ClInclude>
    <ClInclude Include="intelScreen.h">
      <Filter>Header Files</Filter>
    </ClInclude>
    <ClInclude Include="warEffortScreen.h">
      <Filter>Header Files</Filter>
    </ClInclude>
    <ClInclude Include="letterScreen.h">
      <Filter>Header Files</Filter>
    </ClInclude>
    <ClInclude Include="storyManager.h">
      <Filter>Header Files</Filter>
    </ClInclude>
    <ClInclude Include="dayScreen.h">
      <Filter>Header Files</Filter>
    </ClInclude>
    <ClInclude Include="tutorialManager.h">
      <Filter>Header Files</Filter>
    </ClInclude>
    <ClInclude Include="homeScreen.h">
      <Filter>Header Files</Filter>
    </ClInclude>
    <ClInclude Include="audioManager.h">
      <Filter>Header Files</Filter>
    </ClInclude>
    <ClInclude Include="splashScreen.h">
      <Filter>Header Files</Filter>
    </ClInclude>
    <ClInclude Include="cutscene.h">
      <Filter>Header Files</Filter>
    </ClInclude>
    <ClInclude Include="chooseScreen.h">
      <Filter>Header Files</Filter>
    </ClInclude>
    <ClInclude Include="optionsScreen.h">
      <Filter>Header Files</Filter>
    </ClInclude>
    <ClInclude Include="freePlayScreen.h">
      <Filter>Header Files</Filter>
    </ClInclude>
    <ClInclude Include="credits.h">
      <Filter>Header Files</Filter>
    </ClInclude>
    <ClInclude Include="steamManager.h">
      <Filter>Header Files</Filter>
    </ClInclude>
    <ClInclude Include="resource.h">
      <Filter>Header Files</Filter>
    </ClInclude>
  </ItemGroup>
  <ItemGroup>
    <ResourceCompile Include="glut.rc">
      <Filter>Resource Files</Filter>
    </ResourceCompile>
  </ItemGroup>
</Project>